// !$*UTF8*$!
{
	archiveVersion = 1;
	classes = {
	};
	objectVersion = 77;
	objects = {

/* Begin PBXBuildFile section */
		1A36E77B2EC504C00067D8B3 /* ContainerLog in Frameworks */ = {isa = PBXBuildFile; productRef = 1A36E77A2EC504C00067D8B3 /* ContainerLog */; };
		1A36E77D2EC504C00067D8B3 /* ContainerNetworkService in Frameworks */ = {isa = PBXBuildFile; productRef = 1A36E77C2EC504C00067D8B3 /* ContainerNetworkService */; };
		1A36E77F2EC504C00067D8B3 /* ContainerPersistence in Frameworks */ = {isa = PBXBuildFile; productRef = 1A36E77E2EC504C00067D8B3 /* ContainerPersistence */; };
		1A36E7812EC504C00067D8B3 /* ContainerPlugin in Frameworks */ = {isa = PBXBuildFile; productRef = 1A36E7802EC504C00067D8B3 /* ContainerPlugin */; };
		1A36E7832EC504C00067D8B3 /* ContainerSandboxService in Frameworks */ = {isa = PBXBuildFile; productRef = 1A36E7822EC504C00067D8B3 /* ContainerSandboxService */; };
		1A36E7852EC504C00067D8B3 /* ContainerVersion in Frameworks */ = {isa = PBXBuildFile; productRef = 1A36E7842EC504C00067D8B3 /* ContainerVersion */; };
		1A36E7872EC504C00067D8B3 /* ContainerXPC in Frameworks */ = {isa = PBXBuildFile; productRef = 1A36E7862EC504C00067D8B3 /* ContainerXPC */; };
		1A36E7892EC504C00067D8B3 /* SocketForwarder in Frameworks */ = {isa = PBXBuildFile; productRef = 1A36E7882EC504C00067D8B3 /* SocketForwarder */; };
		1AB8D2912EBE73DB00421B16 /* ContainerAPIService in Frameworks */ = {isa = PBXBuildFile; productRef = 1AB8D2902EBE73DB00421B16 /* ContainerAPIService */; };
		1AB8D2932EBE73DB00421B16 /* ContainerBuild in Frameworks */ = {isa = PBXBuildFile; productRef = 1AB8D2922EBE73DB00421B16 /* ContainerBuild */; };
		1AB8D2952EBE73DB00421B16 /* ContainerClient in Frameworks */ = {isa = PBXBuildFile; productRef = 1AB8D2942EBE73DB00421B16 /* ContainerClient */; };
		1AB8D2972EBE73DB00421B16 /* ContainerCommands in Frameworks */ = {isa = PBXBuildFile; productRef = 1AB8D2962EBE73DB00421B16 /* ContainerCommands */; };
		1AB8D2992EBE73DB00421B16 /* ContainerImagesService in Frameworks */ = {isa = PBXBuildFile; productRef = 1AB8D2982EBE73DB00421B16 /* ContainerImagesService */; };
		1AF136B42EC4DE8800FDF4AC /* LaunchAtLogin in Frameworks */ = {isa = PBXBuildFile; productRef = 1AF136B32EC4DE8800FDF4AC /* LaunchAtLogin */; };
/* End PBXBuildFile section */

/* Begin PBXCopyFilesBuildPhase section */
		1A36E75D2EC5021E0067D8B3 /* Embed Helper */ = {
			isa = PBXCopyFilesBuildPhase;
			buildActionMask = 2147483647;
			dstPath = "";
			dstSubfolderSpec = 6;
			files = (
			);
			name = "Embed Helper";
			runOnlyForDeploymentPostprocessing = 0;
		};
/* End PBXCopyFilesBuildPhase section */

/* Begin PBXFileReference section */
		1AB8D2802EBE72D200421B16 /* Right Crane.app */ = {isa = PBXFileReference; explicitFileType = wrapper.application; includeInIndex = 0; path = "Right Crane.app"; sourceTree = BUILT_PRODUCTS_DIR; };
/* End PBXFileReference section */

/* Begin PBXFileSystemSynchronizedRootGroup section */
		1AB8D2822EBE72D200421B16 /* Crane */ = {
			isa = PBXFileSystemSynchronizedRootGroup;
			path = Crane;
			sourceTree = "<group>";
		};
/* End PBXFileSystemSynchronizedRootGroup section */

/* Begin PBXFrameworksBuildPhase section */
		1AB8D27D2EBE72D200421B16 /* Frameworks */ = {
			isa = PBXFrameworksBuildPhase;
			buildActionMask = 2147483647;
			files = (
				1AF136B42EC4DE8800FDF4AC /* LaunchAtLogin in Frameworks */,
				1A36E7852EC504C00067D8B3 /* ContainerVersion in Frameworks */,
				1A36E7892EC504C00067D8B3 /* SocketForwarder in Frameworks */,
				1AB8D2912EBE73DB00421B16 /* ContainerAPIService in Frameworks */,
				1A36E7872EC504C00067D8B3 /* ContainerXPC in Frameworks */,
				1AB8D2952EBE73DB00421B16 /* ContainerClient in Frameworks */,
				1A36E77F2EC504C00067D8B3 /* ContainerPersistence in Frameworks */,
				1A36E77B2EC504C00067D8B3 /* ContainerLog in Frameworks */,
				1A36E7812EC504C00067D8B3 /* ContainerPlugin in Frameworks */,
				1AB8D2972EBE73DB00421B16 /* ContainerCommands in Frameworks */,
				1A36E77D2EC504C00067D8B3 /* ContainerNetworkService in Frameworks */,
				1AB8D2932EBE73DB00421B16 /* ContainerBuild in Frameworks */,
				1A36E7832EC504C00067D8B3 /* ContainerSandboxService in Frameworks */,
				1AB8D2992EBE73DB00421B16 /* ContainerImagesService in Frameworks */,
			);
			runOnlyForDeploymentPostprocessing = 0;
		};
/* End PBXFrameworksBuildPhase section */

/* Begin PBXGroup section */
		1AB8D2772EBE72D200421B16 = {
			isa = PBXGroup;
			children = (
				1AB8D2822EBE72D200421B16 /* Crane */,
				1AB8D2812EBE72D200421B16 /* Products */,
			);
			sourceTree = "<group>";
		};
		1AB8D2812EBE72D200421B16 /* Products */ = {
			isa = PBXGroup;
			children = (
				1AB8D2802EBE72D200421B16 /* Right Crane.app */,
			);
			name = Products;
			sourceTree = "<group>";
		};
/* End PBXGroup section */

/* Begin PBXNativeTarget section */
		1AB8D27F2EBE72D200421B16 /* Crane */ = {
			isa = PBXNativeTarget;
			buildConfigurationList = 1AB8D28B2EBE72D300421B16 /* Build configuration list for PBXNativeTarget "Crane" */;
			buildPhases = (
				1AB8D27C2EBE72D200421B16 /* Sources */,
				1AB8D27D2EBE72D200421B16 /* Frameworks */,
				1AB8D27E2EBE72D200421B16 /* Resources */,
				1A36E75D2EC5021E0067D8B3 /* Embed Helper */,
			);
			buildRules = (
			);
			dependencies = (
			);
			fileSystemSynchronizedGroups = (
				1AB8D2822EBE72D200421B16 /* Crane */,
			);
			name = Crane;
			packageProductDependencies = (
				1AB8D2902EBE73DB00421B16 /* ContainerAPIService */,
				1AB8D2922EBE73DB00421B16 /* ContainerBuild */,
				1AB8D2942EBE73DB00421B16 /* ContainerClient */,
				1AB8D2962EBE73DB00421B16 /* ContainerCommands */,
				1AB8D2982EBE73DB00421B16 /* ContainerImagesService */,
				1AF136B32EC4DE8800FDF4AC /* LaunchAtLogin */,
				1A36E77A2EC504C00067D8B3 /* ContainerLog */,
				1A36E77C2EC504C00067D8B3 /* ContainerNetworkService */,
				1A36E77E2EC504C00067D8B3 /* ContainerPersistence */,
				1A36E7802EC504C00067D8B3 /* ContainerPlugin */,
				1A36E7822EC504C00067D8B3 /* ContainerSandboxService */,
				1A36E7842EC504C00067D8B3 /* ContainerVersion */,
				1A36E7862EC504C00067D8B3 /* ContainerXPC */,
				1A36E7882EC504C00067D8B3 /* SocketForwarder */,
			);
			productName = Crane;
			productReference = 1AB8D2802EBE72D200421B16 /* Right Crane.app */;
			productType = "com.apple.product-type.application";
		};
/* End PBXNativeTarget section */

/* Begin PBXProject section */
		1AB8D2782EBE72D200421B16 /* Project object */ = {
			isa = PBXProject;
			attributes = {
				BuildIndependentTargetsInParallel = 1;
				LastSwiftUpdateCheck = 2610;
				LastUpgradeCheck = 2610;
				TargetAttributes = {
					1AB8D27F2EBE72D200421B16 = {
						CreatedOnToolsVersion = 26.0.1;
					};
				};
			};
			buildConfigurationList = 1AB8D27B2EBE72D200421B16 /* Build configuration list for PBXProject "Crane" */;
			developmentRegion = en;
			hasScannedForEncodings = 0;
			knownRegions = (
				en,
				Base,
			);
			mainGroup = 1AB8D2772EBE72D200421B16;
			minimizedProjectReferenceProxies = 1;
			packageReferences = (
				1AB8D28F2EBE73DB00421B16 /* XCRemoteSwiftPackageReference "container" */,
				1AF136B22EC4DE8800FDF4AC /* XCRemoteSwiftPackageReference "LaunchAtLogin-Modern" */,
			);
			preferredProjectObjectVersion = 77;
			productRefGroup = 1AB8D2812EBE72D200421B16 /* Products */;
			projectDirPath = "";
			projectRoot = "";
			targets = (
				1AB8D27F2EBE72D200421B16 /* Crane */,
			);
		};
/* End PBXProject section */

/* Begin PBXResourcesBuildPhase section */
		1AB8D27E2EBE72D200421B16 /* Resources */ = {
			isa = PBXResourcesBuildPhase;
			buildActionMask = 2147483647;
			files = (
			);
			runOnlyForDeploymentPostprocessing = 0;
		};
/* End PBXResourcesBuildPhase section */

/* Begin PBXSourcesBuildPhase section */
		1AB8D27C2EBE72D200421B16 /* Sources */ = {
			isa = PBXSourcesBuildPhase;
			buildActionMask = 2147483647;
			files = (
			);
			runOnlyForDeploymentPostprocessing = 0;
		};
/* End PBXSourcesBuildPhase section */

/* Begin XCBuildConfiguration section */
		1AB8D2892EBE72D300421B16 /* Debug */ = {
			isa = XCBuildConfiguration;
			buildSettings = {
				ALWAYS_SEARCH_USER_PATHS = NO;
				ASSETCATALOG_COMPILER_GENERATE_SWIFT_ASSET_SYMBOL_EXTENSIONS = YES;
				CLANG_ANALYZER_NONNULL = YES;
				CLANG_ANALYZER_NUMBER_OBJECT_CONVERSION = YES_AGGRESSIVE;
				CLANG_CXX_LANGUAGE_STANDARD = "gnu++20";
				CLANG_ENABLE_MODULES = YES;
				CLANG_ENABLE_OBJC_ARC = YES;
				CLANG_ENABLE_OBJC_WEAK = YES;
				CLANG_WARN_BLOCK_CAPTURE_AUTORELEASING = YES;
				CLANG_WARN_BOOL_CONVERSION = YES;
				CLANG_WARN_COMMA = YES;
				CLANG_WARN_CONSTANT_CONVERSION = YES;
				CLANG_WARN_DEPRECATED_OBJC_IMPLEMENTATIONS = YES;
				CLANG_WARN_DIRECT_OBJC_ISA_USAGE = YES_ERROR;
				CLANG_WARN_DOCUMENTATION_COMMENTS = YES;
				CLANG_WARN_EMPTY_BODY = YES;
				CLANG_WARN_ENUM_CONVERSION = YES;
				CLANG_WARN_INFINITE_RECURSION = YES;
				CLANG_WARN_INT_CONVERSION = YES;
				CLANG_WARN_NON_LITERAL_NULL_CONVERSION = YES;
				CLANG_WARN_OBJC_IMPLICIT_RETAIN_SELF = YES;
				CLANG_WARN_OBJC_LITERAL_CONVERSION = YES;
				CLANG_WARN_OBJC_ROOT_CLASS = YES_ERROR;
				CLANG_WARN_QUOTED_INCLUDE_IN_FRAMEWORK_HEADER = YES;
				CLANG_WARN_RANGE_LOOP_ANALYSIS = YES;
				CLANG_WARN_STRICT_PROTOTYPES = YES;
				CLANG_WARN_SUSPICIOUS_MOVE = YES;
				CLANG_WARN_UNGUARDED_AVAILABILITY = YES_AGGRESSIVE;
				CLANG_WARN_UNREACHABLE_CODE = YES;
				CLANG_WARN__DUPLICATE_METHOD_MATCH = YES;
				COPY_PHASE_STRIP = NO;
				DEAD_CODE_STRIPPING = YES;
				DEBUG_INFORMATION_FORMAT = dwarf;
				DEVELOPMENT_TEAM = 5E27V92K58;
				ENABLE_STRICT_OBJC_MSGSEND = YES;
				ENABLE_TESTABILITY = YES;
				ENABLE_USER_SCRIPT_SANDBOXING = YES;
				GCC_C_LANGUAGE_STANDARD = gnu17;
				GCC_DYNAMIC_NO_PIC = NO;
				GCC_NO_COMMON_BLOCKS = YES;
				GCC_OPTIMIZATION_LEVEL = 0;
				GCC_PREPROCESSOR_DEFINITIONS = (
					"DEBUG=1",
					"$(inherited)",
				);
				GCC_WARN_64_TO_32_BIT_CONVERSION = YES;
				GCC_WARN_ABOUT_RETURN_TYPE = YES_ERROR;
				GCC_WARN_UNINITIALIZED_AUTOS = YES_AGGRESSIVE;
				GCC_WARN_UNUSED_FUNCTION = YES;
				GCC_WARN_UNUSED_VARIABLE = YES;
				LOCALIZATION_PREFERS_STRING_CATALOGS = YES;
				MACOSX_DEPLOYMENT_TARGET = 26.0;
				MTL_ENABLE_DEBUG_INFO = INCLUDE_SOURCE;
				MTL_FAST_MATH = YES;
				ONLY_ACTIVE_ARCH = YES;
				SDKROOT = macosx;
				STRING_CATALOG_GENERATE_SYMBOLS = YES;
				SWIFT_ACTIVE_COMPILATION_CONDITIONS = "DEBUG $(inherited)";
				SWIFT_EMIT_LOC_STRINGS = YES;
				SWIFT_OPTIMIZATION_LEVEL = "-Onone";
			};
			name = Debug;
		};
		1AB8D28A2EBE72D300421B16 /* Release */ = {
			isa = XCBuildConfiguration;
			buildSettings = {
				ALWAYS_SEARCH_USER_PATHS = NO;
				ASSETCATALOG_COMPILER_GENERATE_SWIFT_ASSET_SYMBOL_EXTENSIONS = YES;
				CLANG_ANALYZER_NONNULL = YES;
				CLANG_ANALYZER_NUMBER_OBJECT_CONVERSION = YES_AGGRESSIVE;
				CLANG_CXX_LANGUAGE_STANDARD = "gnu++20";
				CLANG_ENABLE_MODULES = YES;
				CLANG_ENABLE_OBJC_ARC = YES;
				CLANG_ENABLE_OBJC_WEAK = YES;
				CLANG_WARN_BLOCK_CAPTURE_AUTORELEASING = YES;
				CLANG_WARN_BOOL_CONVERSION = YES;
				CLANG_WARN_COMMA = YES;
				CLANG_WARN_CONSTANT_CONVERSION = YES;
				CLANG_WARN_DEPRECATED_OBJC_IMPLEMENTATIONS = YES;
				CLANG_WARN_DIRECT_OBJC_ISA_USAGE = YES_ERROR;
				CLANG_WARN_DOCUMENTATION_COMMENTS = YES;
				CLANG_WARN_EMPTY_BODY = YES;
				CLANG_WARN_ENUM_CONVERSION = YES;
				CLANG_WARN_INFINITE_RECURSION = YES;
				CLANG_WARN_INT_CONVERSION = YES;
				CLANG_WARN_NON_LITERAL_NULL_CONVERSION = YES;
				CLANG_WARN_OBJC_IMPLICIT_RETAIN_SELF = YES;
				CLANG_WARN_OBJC_LITERAL_CONVERSION = YES;
				CLANG_WARN_OBJC_ROOT_CLASS = YES_ERROR;
				CLANG_WARN_QUOTED_INCLUDE_IN_FRAMEWORK_HEADER = YES;
				CLANG_WARN_RANGE_LOOP_ANALYSIS = YES;
				CLANG_WARN_STRICT_PROTOTYPES = YES;
				CLANG_WARN_SUSPICIOUS_MOVE = YES;
				CLANG_WARN_UNGUARDED_AVAILABILITY = YES_AGGRESSIVE;
				CLANG_WARN_UNREACHABLE_CODE = YES;
				CLANG_WARN__DUPLICATE_METHOD_MATCH = YES;
				COPY_PHASE_STRIP = NO;
				DEAD_CODE_STRIPPING = YES;
				DEBUG_INFORMATION_FORMAT = "dwarf-with-dsym";
				DEVELOPMENT_TEAM = 5E27V92K58;
				ENABLE_NS_ASSERTIONS = NO;
				ENABLE_STRICT_OBJC_MSGSEND = YES;
				ENABLE_USER_SCRIPT_SANDBOXING = YES;
				GCC_C_LANGUAGE_STANDARD = gnu17;
				GCC_NO_COMMON_BLOCKS = YES;
				GCC_WARN_64_TO_32_BIT_CONVERSION = YES;
				GCC_WARN_ABOUT_RETURN_TYPE = YES_ERROR;
				GCC_WARN_UNINITIALIZED_AUTOS = YES_AGGRESSIVE;
				GCC_WARN_UNUSED_FUNCTION = YES;
				GCC_WARN_UNUSED_VARIABLE = YES;
				LOCALIZATION_PREFERS_STRING_CATALOGS = YES;
				MACOSX_DEPLOYMENT_TARGET = 26.0;
				MTL_ENABLE_DEBUG_INFO = NO;
				MTL_FAST_MATH = YES;
				SDKROOT = macosx;
				STRING_CATALOG_GENERATE_SYMBOLS = YES;
				SWIFT_COMPILATION_MODE = wholemodule;
				SWIFT_EMIT_LOC_STRINGS = YES;
			};
			name = Release;
		};
		1AB8D28C2EBE72D300421B16 /* Debug */ = {
			isa = XCBuildConfiguration;
			buildSettings = {
				ASSETCATALOG_COMPILER_APPICON_NAME = AppIcon;
				ASSETCATALOG_COMPILER_GLOBAL_ACCENT_COLOR_NAME = AccentColor;
				ASSETCATALOG_COMPILER_INCLUDE_ALL_APPICON_ASSETS = YES;
				CODE_SIGN_ENTITLEMENTS = Crane/Crane.entitlements;
				"CODE_SIGN_IDENTITY[sdk=macosx*]" = "Apple Development";
				CODE_SIGN_STYLE = Automatic;
				COMBINE_HIDPI_IMAGES = YES;
				CURRENT_PROJECT_VERSION = 1;
				DEAD_CODE_STRIPPING = YES;
				DEVELOPMENT_TEAM = 5E27V92K58;
				ENABLE_APP_SANDBOX = YES;
				ENABLE_HARDENED_RUNTIME = YES;
				ENABLE_INCOMING_NETWORK_CONNECTIONS = NO;
				ENABLE_OUTGOING_NETWORK_CONNECTIONS = YES;
				ENABLE_PREVIEWS = YES;
				ENABLE_RESOURCE_ACCESS_AUDIO_INPUT = NO;
				ENABLE_RESOURCE_ACCESS_BLUETOOTH = NO;
				ENABLE_RESOURCE_ACCESS_CALENDARS = NO;
				ENABLE_RESOURCE_ACCESS_CAMERA = NO;
				ENABLE_RESOURCE_ACCESS_CONTACTS = NO;
				ENABLE_RESOURCE_ACCESS_LOCATION = NO;
				ENABLE_RESOURCE_ACCESS_PRINTING = NO;
				ENABLE_RESOURCE_ACCESS_USB = NO;
				GENERATE_INFOPLIST_FILE = YES;
				INFOPLIST_KEY_LSApplicationCategoryType = "public.app-category.developer-tools";
				INFOPLIST_KEY_NSHumanReadableCopyright = "";
				LD_RUNPATH_SEARCH_PATHS = (
					"$(inherited)",
					"@executable_path/../Frameworks",
				);
				MACOSX_DEPLOYMENT_TARGET = 26.0;
				MARKETING_VERSION = 1.0;
				PRODUCT_BUNDLE_IDENTIFIER = me.rightright.RightCrane;
				PRODUCT_NAME = "Right $(TARGET_NAME)";
				REGISTER_APP_GROUPS = YES;
				STRING_CATALOG_GENERATE_SYMBOLS = YES;
				SWIFT_APPROACHABLE_CONCURRENCY = YES;
				SWIFT_DEFAULT_ACTOR_ISOLATION = MainActor;
				SWIFT_EMIT_LOC_STRINGS = YES;
				SWIFT_UPCOMING_FEATURE_MEMBER_IMPORT_VISIBILITY = YES;
				SWIFT_VERSION = 5.0;
			};
			name = Debug;
		};
		1AB8D28D2EBE72D300421B16 /* Release */ = {
			isa = XCBuildConfiguration;
			buildSettings = {
				ASSETCATALOG_COMPILER_APPICON_NAME = AppIcon;
				ASSETCATALOG_COMPILER_GLOBAL_ACCENT_COLOR_NAME = AccentColor;
				ASSETCATALOG_COMPILER_INCLUDE_ALL_APPICON_ASSETS = YES;
				CODE_SIGN_ENTITLEMENTS = Crane/Crane.entitlements;
				"CODE_SIGN_IDENTITY[sdk=macosx*]" = "Apple Development";
				CODE_SIGN_STYLE = Automatic;
				COMBINE_HIDPI_IMAGES = YES;
				CURRENT_PROJECT_VERSION = 1;
				DEAD_CODE_STRIPPING = YES;
				DEVELOPMENT_TEAM = 5E27V92K58;
				ENABLE_APP_SANDBOX = YES;
				ENABLE_HARDENED_RUNTIME = YES;
				ENABLE_INCOMING_NETWORK_CONNECTIONS = NO;
				ENABLE_OUTGOING_NETWORK_CONNECTIONS = YES;
				ENABLE_PREVIEWS = YES;
				ENABLE_RESOURCE_ACCESS_AUDIO_INPUT = NO;
				ENABLE_RESOURCE_ACCESS_BLUETOOTH = NO;
				ENABLE_RESOURCE_ACCESS_CALENDARS = NO;
				ENABLE_RESOURCE_ACCESS_CAMERA = NO;
				ENABLE_RESOURCE_ACCESS_CONTACTS = NO;
				ENABLE_RESOURCE_ACCESS_LOCATION = NO;
				ENABLE_RESOURCE_ACCESS_PRINTING = NO;
				ENABLE_RESOURCE_ACCESS_USB = NO;
				GENERATE_INFOPLIST_FILE = YES;
				INFOPLIST_KEY_LSApplicationCategoryType = "public.app-category.developer-tools";
				INFOPLIST_KEY_NSHumanReadableCopyright = "";
				LD_RUNPATH_SEARCH_PATHS = (
					"$(inherited)",
					"@executable_path/../Frameworks",
				);
				MACOSX_DEPLOYMENT_TARGET = 26.0;
				MARKETING_VERSION = 1.0;
				PRODUCT_BUNDLE_IDENTIFIER = me.rightright.RightCrane;
				PRODUCT_NAME = "Right $(TARGET_NAME)";
				REGISTER_APP_GROUPS = YES;
				STRING_CATALOG_GENERATE_SYMBOLS = YES;
				SWIFT_APPROACHABLE_CONCURRENCY = YES;
				SWIFT_DEFAULT_ACTOR_ISOLATION = MainActor;
				SWIFT_EMIT_LOC_STRINGS = YES;
				SWIFT_UPCOMING_FEATURE_MEMBER_IMPORT_VISIBILITY = YES;
				SWIFT_VERSION = 5.0;
			};
			name = Release;
		};
/* End XCBuildConfiguration section */

/* Begin XCConfigurationList section */
		1AB8D27B2EBE72D200421B16 /* Build configuration list for PBXProject "Crane" */ = {
			isa = XCConfigurationList;
			buildConfigurations = (
				1AB8D2892EBE72D300421B16 /* Debug */,
				1AB8D28A2EBE72D300421B16 /* Release */,
			);
			defaultConfigurationIsVisible = 0;
			defaultConfigurationName = Release;
		};
		1AB8D28B2EBE72D300421B16 /* Build configuration list for PBXNativeTarget "Crane" */ = {
			isa = XCConfigurationList;
			buildConfigurations = (
				1AB8D28C2EBE72D300421B16 /* Debug */,
				1AB8D28D2EBE72D300421B16 /* Release */,
			);
			defaultConfigurationIsVisible = 0;
			defaultConfigurationName = Release;
		};
/* End XCConfigurationList section */

/* Begin XCRemoteSwiftPackageReference section */
		1AB8D28F2EBE73DB00421B16 /* XCRemoteSwiftPackageReference "container" */ = {
			isa = XCRemoteSwiftPackageReference;
			repositoryURL = "https://github.com/apple/container";
			requirement = {
				kind = upToNextMajorVersion;
				minimumVersion = 0.6.0;
			};
		};
		1AF136B22EC4DE8800FDF4AC /* XCRemoteSwiftPackageReference "LaunchAtLogin-Modern" */ = {
			isa = XCRemoteSwiftPackageReference;
			repositoryURL = "https://github.com/sindresorhus/LaunchAtLogin-Modern";
			requirement = {
				branch = main;
				kind = branch;
			};
		};
/* End XCRemoteSwiftPackageReference section */

/* Begin XCSwiftPackageProductDependency section */
		1A36E77A2EC504C00067D8B3 /* ContainerLog */ = {
			isa = XCSwiftPackageProductDependency;
			package = 1AB8D28F2EBE73DB00421B16 /* XCRemoteSwiftPackageReference "container" */;
			productName = ContainerLog;
		};
		1A36E77C2EC504C00067D8B3 /* ContainerNetworkService */ = {
			isa = XCSwiftPackageProductDependency;
			package = 1AB8D28F2EBE73DB00421B16 /* XCRemoteSwiftPackageReference "container" */;
			productName = ContainerNetworkService;
		};
		1A36E77E2EC504C00067D8B3 /* ContainerPersistence */ = {
			isa = XCSwiftPackageProductDependency;
			package = 1AB8D28F2EBE73DB00421B16 /* XCRemoteSwiftPackageReference "container" */;
			productName = ContainerPersistence;
		};
		1A36E7802EC504C00067D8B3 /* ContainerPlugin */ = {
			isa = XCSwiftPackageProductDependency;
			package = 1AB8D28F2EBE73DB00421B16 /* XCRemoteSwiftPackageReference "container" */;
			productName = ContainerPlugin;
		};
		1A36E7822EC504C00067D8B3 /* ContainerSandboxService */ = {
			isa = XCSwiftPackageProductDependency;
			package = 1AB8D28F2EBE73DB00421B16 /* XCRemoteSwiftPackageReference "container" */;
			productName = ContainerSandboxService;
		};
		1A36E7842EC504C00067D8B3 /* ContainerVersion */ = {
			isa = XCSwiftPackageProductDependency;
			package = 1AB8D28F2EBE73DB00421B16 /* XCRemoteSwiftPackageReference "container" */;
			productName = ContainerVersion;
		};
		1A36E7862EC504C00067D8B3 /* ContainerXPC */ = {
			isa = XCSwiftPackageProductDependency;
			package = 1AB8D28F2EBE73DB00421B16 /* XCRemoteSwiftPackageReference "container" */;
			productName = ContainerXPC;
		};
		1A36E7882EC504C00067D8B3 /* SocketForwarder */ = {
			isa = XCSwiftPackageProductDependency;
			package = 1AB8D28F2EBE73DB00421B16 /* XCRemoteSwiftPackageReference "container" */;
			productName = SocketForwarder;
		};
		1AB8D2902EBE73DB00421B16 /* ContainerAPIService */ = {
			isa = XCSwiftPackageProductDependency;
			package = 1AB8D28F2EBE73DB00421B16 /* XCRemoteSwiftPackageReference "container" */;
			productName = ContainerAPIService;
		};
		1AB8D2922EBE73DB00421B16 /* ContainerBuild */ = {
			isa = XCSwiftPackageProductDependency;
			package = 1AB8D28F2EBE73DB00421B16 /* XCRemoteSwiftPackageReference "container" */;
			productName = ContainerBuild;
		};
		1AB8D2942EBE73DB00421B16 /* ContainerClient */ = {
			isa = XCSwiftPackageProductDependency;
			package = 1AB8D28F2EBE73DB00421B16 /* XCRemoteSwiftPackageReference "container" */;
			productName = ContainerClient;
		};
		1AB8D2962EBE73DB00421B16 /* ContainerCommands */ = {
			isa = XCSwiftPackageProductDependency;
			package = 1AB8D28F2EBE73DB00421B16 /* XCRemoteSwiftPackageReference "container" */;
			productName = ContainerCommands;
		};
		1AB8D2982EBE73DB00421B16 /* ContainerImagesService */ = {
			isa = XCSwiftPackageProductDependency;
			package = 1AB8D28F2EBE73DB00421B16 /* XCRemoteSwiftPackageReference "container" */;
			productName = ContainerImagesService;
		};
		1AF136B32EC4DE8800FDF4AC /* LaunchAtLogin */ = {
			isa = XCSwiftPackageProductDependency;
			package = 1AF136B22EC4DE8800FDF4AC /* XCRemoteSwiftPackageReference "LaunchAtLogin-Modern" */;
			productName = LaunchAtLogin;
		};
/* End XCSwiftPackageProductDependency section */
	};
	rootObject = 1AB8D2782EBE72D200421B16 /* Project object */;
}
